// !$*UTF8*$!
{
	archiveVersion = 1;
	classes = {
	};
	objectVersion = 50;
	objects = {

/* Begin PBXBuildFile section */
		FE77569924116E810056E570 /* AppDelegate.m in Sources */ = {isa = PBXBuildFile; fileRef = FE77569824116E810056E570 /* AppDelegate.m */; };
		FE77569C24116E810056E570 /* SceneDelegate.m in Sources */ = {isa = PBXBuildFile; fileRef = FE77569B24116E810056E570 /* SceneDelegate.m */; };
		FE77569F24116E810056E570 /* ViewController.m in Sources */ = {isa = PBXBuildFile; fileRef = FE77569E24116E810056E570 /* ViewController.m */; };
		FE7756A224116E810056E570 /* Main.storyboard in Resources */ = {isa = PBXBuildFile; fileRef = FE7756A024116E810056E570 /* Main.storyboard */; };
		FE7756A524116E810056E570 /* CArdgame.xcdatamodeld in Sources */ = {isa = PBXBuildFile; fileRef = FE7756A324116E810056E570 /* CArdgame.xcdatamodeld */; };
		FE7756A724116E820056E570 /* Assets.xcassets in Resources */ = {isa = PBXBuildFile; fileRef = FE7756A624116E820056E570 /* Assets.xcassets */; };
		FE7756AA24116E820056E570 /* LaunchScreen.storyboard in Resources */ = {isa = PBXBuildFile; fileRef = FE7756A824116E820056E570 /* LaunchScreen.storyboard */; };
		FE7756AD24116E820056E570 /* main.m in Sources */ = {isa = PBXBuildFile; fileRef = FE7756AC24116E820056E570 /* main.m */; };
/* End PBXBuildFile section */

/* Begin PBXFileReference section */
		FE77569424116E810056E570 /* CArdgame.app */ = {isa = PBXFileReference; explicitFileType = wrapper.application; includeInIndex = 0; path = CArdgame.app; sourceTree = BUILT_PRODUCTS_DIR; };
		FE77569724116E810056E570 /* AppDelegate.h */ = {isa = PBXFileReference; lastKnownFileType = sourcecode.c.h; path = AppDelegate.h; sourceTree = "<group>"; };
		FE77569824116E810056E570 /* AppDelegate.m */ = {isa = PBXFileReference; lastKnownFileType = sourcecode.c.objc; path = AppDelegate.m; sourceTree = "<group>"; };
		FE77569A24116E810056E570 /* SceneDelegate.h */ = {isa = PBXFileReference; lastKnownFileType = sourcecode.c.h; path = SceneDelegate.h; sourceTree = "<group>"; };
		FE77569B24116E810056E570 /* SceneDelegate.m */ = {isa = PBXFileReference; lastKnownFileType = sourcecode.c.objc; path = SceneDelegate.m; sourceTree = "<group>"; };
		FE77569D24116E810056E570 /* ViewController.h */ = {isa = PBXFileReference; lastKnownFileType = sourcecode.c.h; path = ViewController.h; sourceTree = "<group>"; };
		FE77569E24116E810056E570 /* ViewController.m */ = {isa = PBXFileReference; lastKnownFileType = sourcecode.c.objc; path = ViewController.m; sourceTree = "<group>"; };
		FE7756A124116E810056E570 /* Base */ = {isa = PBXFileReference; lastKnownFileType = file.storyboard; name = Base; path = Base.lproj/Main.storyboard; sourceTree = "<group>"; };
		FE7756A424116E810056E570 /* CArdgame.xcdatamodel */ = {isa = PBXFileReference; lastKnownFileType = wrapper.xcdatamodel; path = CArdgame.xcdatamodel; sourceTree = "<group>"; };
		FE7756A624116E820056E570 /* Assets.xcassets */ = {isa = PBXFileReference; lastKnownFileType = folder.assetcatalog; path = Assets.xcassets; sourceTree = "<group>"; };
		FE7756A924116E820056E570 /* Base */ = {isa = PBXFileReference; lastKnownFileType = file.storyboard; name = Base; path = Base.lproj/LaunchScreen.storyboard; sourceTree = "<group>"; };
		FE7756AB24116E820056E570 /* Info.plist */ = {isa = PBXFileReference; lastKnownFileType = text.plist.xml; path = Info.plist; sourceTree = "<group>"; };
		FE7756AC24116E820056E570 /* main.m */ = {isa = PBXFileReference; lastKnownFileType = sourcecode.c.objc; path = main.m; sourceTree = "<group>"; };
/* End PBXFileReference section */

/* Begin PBXFrameworksBuildPhase section */
		FE77569124116E810056E570 /* Frameworks */ = {
			isa = PBXFrameworksBuildPhase;
			buildActionMask = 2147483647;
			files = (
			);
			runOnlyForDeploymentPostprocessing = 0;
		};
/* End PBXFrameworksBuildPhase section */

/* Begin PBXGroup section */
		FE77568B24116E810056E570 = {
			isa = PBXGroup;
			children = (
				FE77569624116E810056E570 /* CArdgame */,
				FE77569524116E810056E570 /* Products */,
			);
			sourceTree = "<group>";
		};
		FE77569524116E810056E570 /* Products */ = {
			isa = PBXGroup;
			children = (
				FE77569424116E810056E570 /* CArdgame.app */,
			);
			name = Products;
			sourceTree = "<group>";
		};
		FE77569624116E810056E570 /* CArdgame */ = {
			isa = PBXGroup;
			children = (
				FE77569724116E810056E570 /* AppDelegate.h */,
				FE77569824116E810056E570 /* AppDelegate.m */,
				FE77569A24116E810056E570 /* SceneDelegate.h */,
				FE77569B24116E810056E570 /* SceneDelegate.m */,
				FE77569D24116E810056E570 /* ViewController.h */,
				FE77569E24116E810056E570 /* ViewController.m */,
				FE7756A024116E810056E570 /* Main.storyboard */,
				FE7756A624116E820056E570 /* Assets.xcassets */,
				FE7756A824116E820056E570 /* LaunchScreen.storyboard */,
				FE7756AB24116E820056E570 /* Info.plist */,
				FE7756AC24116E820056E570 /* main.m */,
				FE7756A324116E810056E570 /* CArdgame.xcdatamodeld */,
			);
			path = CArdgame;
			sourceTree = "<group>";
		};
/* End PBXGroup section */

/* Begin PBXNativeTarget section */
		FE77569324116E810056E570 /* CArdgame */ = {
			isa = PBXNativeTarget;
			buildConfigurationList = FE7756B024116E820056E570 /* Build configuration list for PBXNativeTarget "CArdgame" */;
			buildPhases = (
				FE77569024116E810056E570 /* Sources */,
				FE77569124116E810056E570 /* Frameworks */,
				FE77569224116E810056E570 /* Resources */,
			);
			buildRules = (
			);
			dependencies = (
			);
			name = CArdgame;
			productName = CArdgame;
			productReference = FE77569424116E810056E570 /* CArdgame.app */;
			productType = "com.apple.product-type.application";
		};
/* End PBXNativeTarget section */

/* Begin PBXProject section */
		FE77568C24116E810056E570 /* Project object */ = {
			isa = PBXProject;
			attributes = {
				LastUpgradeCheck = 1130;
				ORGANIZATIONNAME = "Cesario, Ethan";
				TargetAttributes = {
					FE77569324116E810056E570 = {
						CreatedOnToolsVersion = 11.3.1;
					};
				};
			};
			buildConfigurationList = FE77568F24116E810056E570 /* Build configuration list for PBXProject "CArdgame" */;
			compatibilityVersion = "Xcode 9.3";
			developmentRegion = en;
			hasScannedForEncodings = 0;
			knownRegions = (
				en,
				Base,
			);
			mainGroup = FE77568B24116E810056E570;
			productRefGroup = FE77569524116E810056E570 /* Products */;
			projectDirPath = "";
			projectRoot = "";
			targets = (
				FE77569324116E810056E570 /* CArdgame */,
			);
		};
/* End PBXProject section */

/* Begin PBXResourcesBuildPhase section */
		FE77569224116E810056E570 /* Resources */ = {
			isa = PBXResourcesBuildPhase;
			buildActionMask = 2147483647;
			files = (
				FE7756AA24116E820056E570 /* LaunchScreen.storyboard in Resources */,
				FE7756A724116E820056E570 /* Assets.xcassets in Resources */,
				FE7756A224116E810056E570 /* Main.storyboard in Resources */,
			);
			runOnlyForDeploymentPostprocessing = 0;
		};
/* End PBXResourcesBuildPhase section */

/* Begin PBXSourcesBuildPhase section */
		FE77569024116E810056E570 /* Sources */ = {
			isa = PBXSourcesBuildPhase;
			buildActionMask = 2147483647;
			files = (
				FE7756AD24116E820056E570 /* main.m in Sources */,
				FE77569F24116E810056E570 /* ViewController.m in Sources */,
				FE7756A524116E810056E570 /* CArdgame.xcdatamodeld in Sources */,
				FE77569924116E810056E570 /* AppDelegate.m in Sources */,
				FE77569C24116E810056E570 /* SceneDelegate.m in Sources */,
			);
			runOnlyForDeploymentPostprocessing = 0;
		};
/* End PBXSourcesBuildPhase section */

/* Begin PBXVariantGroup section */
		FE7756A024116E810056E570 /* Main.storyboard */ = {
			isa = PBXVariantGroup;
			children = (
				FE7756A124116E810056E570 /* Base */,
			);
			name = Main.storyboard;
			sourceTree = "<group>";
		};
		FE7756A824116E820056E570 /* LaunchScreen.storyboard */ = {
			isa = PBXVariantGroup;
			children = (
				FE7756A924116E820056E570 /* Base */,
			);
			name = LaunchScreen.storyboard;
			sourceTree = "<group>";
		};
/* End PBXVariantGroup section */

/* Begin XCBuildConfiguration section */
		FE7756AE24116E820056E570 /* Debug */ = {
			isa = XCBuildConfiguration;
			buildSettings = {
				ALWAYS_SEARCH_USER_PATHS = NO;
				CLANG_ANALYZER_NONNULL = YES;
				CLANG_ANALYZER_NUMBER_OBJECT_CONVERSION = YES_AGGRESSIVE;
				CLANG_CXX_LANGUAGE_STANDARD = "gnu++14";
				CLANG_CXX_LIBRARY = "libc++";
				CLANG_ENABLE_MODULES = YES;
				CLANG_ENABLE_OBJC_ARC = YES;
				CLANG_ENABLE_OBJC_WEAK = YES;
				CLANG_WARN_BLOCK_CAPTURE_AUTORELEASING = YES;
				CLANG_WARN_BOOL_CONVERSION = YES;
				CLANG_WARN_COMMA = YES;
				CLANG_WARN_CONSTANT_CONVERSION = YES;
				CLANG_WARN_DEPRECATED_OBJC_IMPLEMENTATIONS = YES;
				CLANG_WARN_DIRECT_OBJC_ISA_USAGE = YES_ERROR;
				CLANG_WARN_DOCUMENTATION_COMMENTS = YES;
				CLANG_WARN_EMPTY_BODY = YES;
				CLANG_WARN_ENUM_CONVERSION = YES;
				CLANG_WARN_INFINITE_RECURSION = YES;
				CLANG_WARN_INT_CONVERSION = YES;
				CLANG_WARN_NON_LITERAL_NULL_CONVERSION = YES;
				CLANG_WARN_OBJC_IMPLICIT_RETAIN_SELF = YES;
				CLANG_WARN_OBJC_LITERAL_CONVERSION = YES;
				CLANG_WARN_OBJC_ROOT_CLASS = YES_ERROR;
				CLANG_WARN_RANGE_LOOP_ANALYSIS = YES;
				CLANG_WARN_STRICT_PROTOTYPES = YES;
				CLANG_WARN_SUSPICIOUS_MOVE = YES;
				CLANG_WARN_UNGUARDED_AVAILABILITY = YES_AGGRESSIVE;
				CLANG_WARN_UNREACHABLE_CODE = YES;
				CLANG_WARN__DUPLICATE_METHOD_MATCH = YES;
				COPY_PHASE_STRIP = NO;
				DEBUG_INFORMATION_FORMAT = dwarf;
				ENABLE_STRICT_OBJC_MSGSEND = YES;
				ENABLE_TESTABILITY = YES;
				GCC_C_LANGUAGE_STANDARD = gnu11;
				GCC_DYNAMIC_NO_PIC = NO;
				GCC_NO_COMMON_BLOCKS = YES;
				GCC_OPTIMIZATION_LEVEL = 0;
				GCC_PREPROCESSOR_DEFINITIONS = (
					"DEBUG=1",
					"$(inherited)",
				);
				GCC_WARN_64_TO_32_BIT_CONVERSION = YES;
				GCC_WARN_ABOUT_RETURN_TYPE = YES_ERROR;
				GCC_WARN_UNDECLARED_SELECTOR = YES;
				GCC_WARN_UNINITIALIZED_AUTOS = YES_AGGRESSIVE;
				GCC_WARN_UNUSED_FUNCTION = YES;
				GCC_WARN_UNUSED_VARIABLE = YES;
				IPHONEOS_DEPLOYMENT_TARGET = 13.2;
				MTL_ENABLE_DEBUG_INFO = INCLUDE_SOURCE;
				MTL_FAST_MATH = YES;
				ONLY_ACTIVE_ARCH = YES;
				SDKROOT = iphoneos;
			};
			name = Debug;
		};
		FE7756AF24116E820056E570 /* Release */ = {
			isa = XCBuildConfiguration;
			buildSettings = {
				ALWAYS_SEARCH_USER_PATHS = NO;
				CLANG_ANALYZER_NONNULL = YES;
				CLANG_ANALYZER_NUMBER_OBJECT_CONVERSION = YES_AGGRESSIVE;
				CLANG_CXX_LANGUAGE_STANDARD = "gnu++14";
				CLANG_CXX_LIBRARY = "libc++";
				CLANG_ENABLE_MODULES = YES;
				CLANG_ENABLE_OBJC_ARC = YES;
				CLANG_ENABLE_OBJC_WEAK = YES;
				CLANG_WARN_BLOCK_CAPTURE_AUTORELEASING = YES;
				CLANG_WARN_BOOL_CONVERSION = YES;
				CLANG_WARN_COMMA = YES;
				CLANG_WARN_CONSTANT_CONVERSION = YES;
				CLANG_WARN_DEPRECATED_OBJC_IMPLEMENTATIONS = YES;
				CLANG_WARN_DIRECT_OBJC_ISA_USAGE = YES_ERROR;
				CLANG_WARN_DOCUMENTATION_COMMENTS = YES;
				CLANG_WARN_EMPTY_BODY = YES;
				CLANG_WARN_ENUM_CONVERSION = YES;
				CLANG_WARN_INFINITE_RECURSION = YES;
				CLANG_WARN_INT_CONVERSION = YES;
				CLANG_WARN_NON_LITERAL_NULL_CONVERSION = YES;
				CLANG_WARN_OBJC_IMPLICIT_RETAIN_SELF = YES;
				CLANG_WARN_OBJC_LITERAL_CONVERSION = YES;
				CLANG_WARN_OBJC_ROOT_CLASS = YES_ERROR;
				CLANG_WARN_RANGE_LOOP_ANALYSIS = YES;
				CLANG_WARN_STRICT_PROTOTYPES = YES;
				CLANG_WARN_SUSPICIOUS_MOVE = YES;
				CLANG_WARN_UNGUARDED_AVAILABILITY = YES_AGGRESSIVE;
				CLANG_WARN_UNREACHABLE_CODE = YES;
				CLANG_WARN__DUPLICATE_METHOD_MATCH = YES;
				COPY_PHASE_STRIP = NO;
				DEBUG_INFORMATION_FORMAT = "dwarf-with-dsym";
				ENABLE_NS_ASSERTIONS = NO;
				ENABLE_STRICT_OBJC_MSGSEND = YES;
				GCC_C_LANGUAGE_STANDARD = gnu11;
				GCC_NO_COMMON_BLOCKS = YES;
				GCC_WARN_64_TO_32_BIT_CONVERSION = YES;
				GCC_WARN_ABOUT_RETURN_TYPE = YES_ERROR;
				GCC_WARN_UNDECLARED_SELECTOR = YES;
				GCC_WARN_UNINITIALIZED_AUTOS = YES_AGGRESSIVE;
				GCC_WARN_UNUSED_FUNCTION = YES;
				GCC_WARN_UNUSED_VARIABLE = YES;
				IPHONEOS_DEPLOYMENT_TARGET = 13.2;
				MTL_ENABLE_DEBUG_INFO = NO;
				MTL_FAST_MATH = YES;
				SDKROOT = iphoneos;
				VALIDATE_PRODUCT = YES;
			};
			name = Release;
		};
		FE7756B124116E820056E570 /* Debug */ = {
			isa = XCBuildConfiguration;
			buildSettings = {
				ASSETCATALOG_COMPILER_APPICON_NAME = AppIcon;
				CODE_SIGN_STYLE = Automatic;
				INFOPLIST_FILE = CArdgame/Info.plist;
				LD_RUNPATH_SEARCH_PATHS = (
					"$(inherited)",
					"@executable_path/Frameworks",
				);
				PRODUCT_BUNDLE_IDENTIFIER = EC.CArdgame;
				PRODUCT_NAME = "$(TARGET_NAME)";
				TARGETED_DEVICE_FAMILY = "1,2";
			};
			name = Debug;
		};
		FE7756B224116E820056E570 /* Release */ = {
			isa = XCBuildConfiguration;
			buildSettings = {
				ASSETCATALOG_COMPILER_APPICON_NAME = AppIcon;
				CODE_SIGN_STYLE = Automatic;
				INFOPLIST_FILE = CArdgame/Info.plist;
				LD_RUNPATH_SEARCH_PATHS = (
					"$(inherited)",
					"@executable_path/Frameworks",
				);
				PRODUCT_BUNDLE_IDENTIFIER = EC.CArdgame;
				PRODUCT_NAME = "$(TARGET_NAME)";
				TARGETED_DEVICE_FAMILY = "1,2";
			};
			name = Release;
		};
/* End XCBuildConfiguration section */

/* Begin XCConfigurationList section */
		FE77568F24116E810056E570 /* Build configuration list for PBXProject "CArdgame" */ = {
			isa = XCConfigurationList;
			buildConfigurations = (
				FE7756AE24116E820056E570 /* Debug */,
				FE7756AF24116E820056E570 /* Release */,
			);
			defaultConfigurationIsVisible = 0;
			defaultConfigurationName = Release;
		};
		FE7756B024116E820056E570 /* Build configuration list for PBXNativeTarget "CArdgame" */ = {
			isa = XCConfigurationList;
			buildConfigurations = (
				FE7756B124116E820056E570 /* Debug */,
				FE7756B224116E820056E570 /* Release */,
			);
			defaultConfigurationIsVisible = 0;
			defaultConfigurationName = Release;
		};
/* End XCConfigurationList section */

/* Begin XCVersionGroup section */
		FE7756A324116E810056E570 /* CArdgame.xcdatamodeld */ = {
			isa = XCVersionGroup;
			children = (
				FE7756A424116E810056E570 /* CArdgame.xcdatamodel */,
			);
			currentVersion = FE7756A424116E810056E570 /* CArdgame.xcdatamodel */;
			path = CArdgame.xcdatamodeld;
			sourceTree = "<group>";
			versionGroupType = wrapper.xcdatamodel;
		};
/* End XCVersionGroup section */
	};
	rootObject = FE77568C24116E810056E570 /* Project object */;
}
