// !$*UTF8*$!
{
	archiveVersion = 1;
	classes = {
	};
	objectVersion = 50;
	objects = {

/* Begin PBXBuildFile section */
		FE77569924116E810056E570 /* AppDelegate.m in Sources */ = {isa = PBXBuildFile; fileRef = FE77569824116E810056E570 /* AppDelegate.m */; };
		FE77569C24116E810056E570 /* SceneDelegate.m in Sources */ = {isa = PBXBuildFile; fileRef = FE77569B24116E810056E570 /* SceneDelegate.m */; };
		FE77569F24116E810056E570 /* ViewController.m in Sources */ = {isa = PBXBuildFile; fileRef = FE77569E24116E810056E570 /* ViewController.m */; };
		FE7756A224116E810056E570 /* Main.storyboard in Resources */ = {isa = PBXBuildFile; fileRef = FE7756A024116E810056E570 /* Main.storyboard */; };
		FE7756A524116E810056E570 /* CArdgame.xcdatamodeld in Sources */ = {isa = PBXBuildFile; fileRef = FE7756A324116E810056E570 /* CArdgame.xcdatamodeld */; };
		FE7756A724116E820056E570 /* Assets.xcassets in Resources */ = {isa = PBXBuildFile; fileRef = FE7756A624116E820056E570 /* Assets.xcassets */; };
		FE7756AA24116E820056E570 /* LaunchScreen.storyboard in Resources */ = {isa = PBXBuildFile; fileRef = FE7756A824116E820056E570 /* LaunchScreen.storyboard */; };
		FE7756AD24116E820056E570 /* main.m in Sources */ = {isa = PBXBuildFile; fileRef = FE7756AC24116E820056E570 /* main.m */; };
		FE7756BF241171B40056E570 /* cards.storyboard in Resources */ = {isa = PBXBuildFile; fileRef = FE7756BE241171B40056E570 /* cards.storyboard */; };
		FE7756C2241175F30056E570 /* CardController.m in Sources */ = {isa = PBXBuildFile; fileRef = FE7756C0241175F30056E570 /* CardController.m */; };
		FE7756C52411775D0056E570 /* cards1.c in Sources */ = {isa = PBXBuildFile; fileRef = FE7756C42411775D0056E570 /* cards1.c */; };
		FE7756FA2411788C0056E570 /* 5c.png in Resources */ = {isa = PBXBuildFile; fileRef = FE7756C62411787F0056E570 /* 5c.png */; };
		FE7756FB2411788C0056E570 /* 14h.png in Resources */ = {isa = PBXBuildFile; fileRef = FE7756C72411787F0056E570 /* 14h.png */; };
		FE7756FC2411788C0056E570 /* 4d.png in Resources */ = {isa = PBXBuildFile; fileRef = FE7756C82411787F0056E570 /* 4d.png */; };
		FE7756FD2411788C0056E570 /* 7h.png in Resources */ = {isa = PBXBuildFile; fileRef = FE7756C92411787F0056E570 /* 7h.png */; };
		FE7756FE2411788C0056E570 /* 5h.png in Resources */ = {isa = PBXBuildFile; fileRef = FE7756CA241178800056E570 /* 5h.png */; };
		FE7756FF2411788C0056E570 /* 5d.png in Resources */ = {isa = PBXBuildFile; fileRef = FE7756CB241178800056E570 /* 5d.png */; };
		FE7757002411788C0056E570 /* 11h.png in Resources */ = {isa = PBXBuildFile; fileRef = FE7756CC241178800056E570 /* 11h.png */; };
		FE7757012411788C0056E570 /* 3h.png in Resources */ = {isa = PBXBuildFile; fileRef = FE7756CD241178800056E570 /* 3h.png */; };
		FE7757022411788C0056E570 /* 9s.png in Resources */ = {isa = PBXBuildFile; fileRef = FE7756CE241178800056E570 /* 9s.png */; };
		FE7757032411788C0056E570 /* 6c.png in Resources */ = {isa = PBXBuildFile; fileRef = FE7756CF241178810056E570 /* 6c.png */; };
		FE7757042411788C0056E570 /* 6s.png in Resources */ = {isa = PBXBuildFile; fileRef = FE7756D0241178810056E570 /* 6s.png */; };
		FE7757052411788C0056E570 /* 9c.png in Resources */ = {isa = PBXBuildFile; fileRef = FE7756D1241178810056E570 /* 9c.png */; };
		FE7757062411788C0056E570 /* 7d.png in Resources */ = {isa = PBXBuildFile; fileRef = FE7756D2241178810056E570 /* 7d.png */; };
		FE7757072411788C0056E570 /* 12d.png in Resources */ = {isa = PBXBuildFile; fileRef = FE7756D3241178820056E570 /* 12d.png */; };
		FE7757082411788C0056E570 /* 4c.png in Resources */ = {isa = PBXBuildFile; fileRef = FE7756D4241178820056E570 /* 4c.png */; };
		FE7757092411788C0056E570 /* 2c.png in Resources */ = {isa = PBXBuildFile; fileRef = FE7756D5241178820056E570 /* 2c.png */; };
		FE77570A2411788C0056E570 /* 5s.png in Resources */ = {isa = PBXBuildFile; fileRef = FE7756D6241178820056E570 /* 5s.png */; };
		FE77570B2411788C0056E570 /* 4s.png in Resources */ = {isa = PBXBuildFile; fileRef = FE7756D7241178830056E570 /* 4s.png */; };
		FE77570C2411788C0056E570 /* 13c.png in Resources */ = {isa = PBXBuildFile; fileRef = FE7756D8241178830056E570 /* 13c.png */; };
		FE77570D2411788C0056E570 /* 2h.png in Resources */ = {isa = PBXBuildFile; fileRef = FE7756D9241178830056E570 /* 2h.png */; };
		FE77570E2411788C0056E570 /* 10h.png in Resources */ = {isa = PBXBuildFile; fileRef = FE7756DA241178840056E570 /* 10h.png */; };
		FE77570F2411788C0056E570 /* 8d.png in Resources */ = {isa = PBXBuildFile; fileRef = FE7756DB241178840056E570 /* 8d.png */; };
		FE7757102411788C0056E570 /* 10s.png in Resources */ = {isa = PBXBuildFile; fileRef = FE7756DC241178840056E570 /* 10s.png */; };
		FE7757112411788C0056E570 /* 13s.png in Resources */ = {isa = PBXBuildFile; fileRef = FE7756DD241178840056E570 /* 13s.png */; };
		FE7757122411788C0056E570 /* 14s.png in Resources */ = {isa = PBXBuildFile; fileRef = FE7756DE241178850056E570 /* 14s.png */; };
		FE7757132411788C0056E570 /* 9h.png in Resources */ = {isa = PBXBuildFile; fileRef = FE7756DF241178850056E570 /* 9h.png */; };
		FE7757142411788C0056E570 /* 4h.png in Resources */ = {isa = PBXBuildFile; fileRef = FE7756E0241178850056E570 /* 4h.png */; };
		FE7757152411788C0056E570 /* 12c.png in Resources */ = {isa = PBXBuildFile; fileRef = FE7756E1241178850056E570 /* 12c.png */; };
		FE7757162411788C0056E570 /* 3d.png in Resources */ = {isa = PBXBuildFile; fileRef = FE7756E2241178860056E570 /* 3d.png */; };
		FE7757172411788C0056E570 /* 11s.png in Resources */ = {isa = PBXBuildFile; fileRef = FE7756E3241178860056E570 /* 11s.png */; };
		FE7757182411788C0056E570 /* 10d.png in Resources */ = {isa = PBXBuildFile; fileRef = FE7756E4241178860056E570 /* 10d.png */; };
		FE7757192411788C0056E570 /* 9d.png in Resources */ = {isa = PBXBuildFile; fileRef = FE7756E5241178870056E570 /* 9d.png */; };
		FE77571A2411788C0056E570 /* 13d.png in Resources */ = {isa = PBXBuildFile; fileRef = FE7756E6241178870056E570 /* 13d.png */; };
		FE77571B2411788C0056E570 /* 14c.png in Resources */ = {isa = PBXBuildFile; fileRef = FE7756E7241178870056E570 /* 14c.png */; };
		FE77571C2411788C0056E570 /* 6h.png in Resources */ = {isa = PBXBuildFile; fileRef = FE7756E8241178870056E570 /* 6h.png */; };
		FE77571D2411788C0056E570 /* 3s.png in Resources */ = {isa = PBXBuildFile; fileRef = FE7756E9241178880056E570 /* 3s.png */; };
		FE77571E2411788C0056E570 /* 7c.png in Resources */ = {isa = PBXBuildFile; fileRef = FE7756EA241178880056E570 /* 7c.png */; };
		FE77571F2411788C0056E570 /* 12h.png in Resources */ = {isa = PBXBuildFile; fileRef = FE7756EB241178880056E570 /* 12h.png */; };
		FE7757202411788C0056E570 /* 2d.png in Resources */ = {isa = PBXBuildFile; fileRef = FE7756EC241178880056E570 /* 2d.png */; };
		FE7757212411788C0056E570 /* 13h.png in Resources */ = {isa = PBXBuildFile; fileRef = FE7756ED241178890056E570 /* 13h.png */; };
		FE7757222411788C0056E570 /* 14d.png in Resources */ = {isa = PBXBuildFile; fileRef = FE7756EE241178890056E570 /* 14d.png */; };
		FE7757232411788C0056E570 /* 11c.png in Resources */ = {isa = PBXBuildFile; fileRef = FE7756EF241178890056E570 /* 11c.png */; };
		FE7757242411788C0056E570 /* 8s.png in Resources */ = {isa = PBXBuildFile; fileRef = FE7756F0241178890056E570 /* 8s.png */; };
		FE7757252411788C0056E570 /* 12s.png in Resources */ = {isa = PBXBuildFile; fileRef = FE7756F1241178890056E570 /* 12s.png */; };
		FE7757262411788C0056E570 /* 8c.png in Resources */ = {isa = PBXBuildFile; fileRef = FE7756F22411788A0056E570 /* 8c.png */; };
		FE7757272411788C0056E570 /* 3c.png in Resources */ = {isa = PBXBuildFile; fileRef = FE7756F32411788A0056E570 /* 3c.png */; };
		FE7757282411788C0056E570 /* 8h.png in Resources */ = {isa = PBXBuildFile; fileRef = FE7756F42411788A0056E570 /* 8h.png */; };
		FE7757292411788C0056E570 /* 2s.png in Resources */ = {isa = PBXBuildFile; fileRef = FE7756F52411788A0056E570 /* 2s.png */; };
		FE77572A2411788C0056E570 /* 11d.png in Resources */ = {isa = PBXBuildFile; fileRef = FE7756F62411788B0056E570 /* 11d.png */; };
		FE77572B2411788C0056E570 /* 10c.png in Resources */ = {isa = PBXBuildFile; fileRef = FE7756F72411788B0056E570 /* 10c.png */; };
		FE77572C2411788C0056E570 /* 6d.png in Resources */ = {isa = PBXBuildFile; fileRef = FE7756F82411788B0056E570 /* 6d.png */; };
		FE77572D2411788C0056E570 /* 7s.png in Resources */ = {isa = PBXBuildFile; fileRef = FE7756F92411788B0056E570 /* 7s.png */; };
/* End PBXBuildFile section */

/* Begin PBXFileReference section */
		FE77569424116E810056E570 /* CArdgame.app */ = {isa = PBXFileReference; explicitFileType = wrapper.application; includeInIndex = 0; path = CArdgame.app; sourceTree = BUILT_PRODUCTS_DIR; };
		FE77569724116E810056E570 /* AppDelegate.h */ = {isa = PBXFileReference; lastKnownFileType = sourcecode.c.h; path = AppDelegate.h; sourceTree = "<group>"; };
		FE77569824116E810056E570 /* AppDelegate.m */ = {isa = PBXFileReference; lastKnownFileType = sourcecode.c.objc; path = AppDelegate.m; sourceTree = "<group>"; };
		FE77569A24116E810056E570 /* SceneDelegate.h */ = {isa = PBXFileReference; lastKnownFileType = sourcecode.c.h; path = SceneDelegate.h; sourceTree = "<group>"; };
		FE77569B24116E810056E570 /* SceneDelegate.m */ = {isa = PBXFileReference; lastKnownFileType = sourcecode.c.objc; path = SceneDelegate.m; sourceTree = "<group>"; };
		FE77569D24116E810056E570 /* ViewController.h */ = {isa = PBXFileReference; lastKnownFileType = sourcecode.c.h; path = ViewController.h; sourceTree = "<group>"; };
		FE77569E24116E810056E570 /* ViewController.m */ = {isa = PBXFileReference; lastKnownFileType = sourcecode.c.objc; path = ViewController.m; sourceTree = "<group>"; };
		FE7756A124116E810056E570 /* Base */ = {isa = PBXFileReference; lastKnownFileType = file.storyboard; name = Base; path = Base.lproj/Main.storyboard; sourceTree = "<group>"; };
		FE7756A424116E810056E570 /* CArdgame.xcdatamodel */ = {isa = PBXFileReference; lastKnownFileType = wrapper.xcdatamodel; path = CArdgame.xcdatamodel; sourceTree = "<group>"; };
		FE7756A624116E820056E570 /* Assets.xcassets */ = {isa = PBXFileReference; lastKnownFileType = folder.assetcatalog; path = Assets.xcassets; sourceTree = "<group>"; };
		FE7756A924116E820056E570 /* Base */ = {isa = PBXFileReference; lastKnownFileType = file.storyboard; name = Base; path = Base.lproj/LaunchScreen.storyboard; sourceTree = "<group>"; };
		FE7756AB24116E820056E570 /* Info.plist */ = {isa = PBXFileReference; lastKnownFileType = text.plist.xml; path = Info.plist; sourceTree = "<group>"; };
		FE7756AC24116E820056E570 /* main.m */ = {isa = PBXFileReference; lastKnownFileType = sourcecode.c.objc; path = main.m; sourceTree = "<group>"; };
		FE7756BE241171B40056E570 /* cards.storyboard */ = {isa = PBXFileReference; fileEncoding = 4; lastKnownFileType = file.storyboard; path = cards.storyboard; sourceTree = "<group>"; };
		FE7756C0241175F30056E570 /* CardController.m */ = {isa = PBXFileReference; fileEncoding = 4; lastKnownFileType = sourcecode.c.objc; name = CardController.m; path = ../../../../Downloads/CardController.m; sourceTree = "<group>"; };
		FE7756C1241175F30056E570 /* CardController.h */ = {isa = PBXFileReference; fileEncoding = 4; lastKnownFileType = sourcecode.c.h; name = CardController.h; path = ../../../../Downloads/CardController.h; sourceTree = "<group>"; };
		FE7756C32411775D0056E570 /* cards.h */ = {isa = PBXFileReference; fileEncoding = 4; lastKnownFileType = sourcecode.c.h; path = cards.h; sourceTree = "<group>"; };
		FE7756C42411775D0056E570 /* cards1.c */ = {isa = PBXFileReference; fileEncoding = 4; lastKnownFileType = sourcecode.c.c; path = cards1.c; sourceTree = "<group>"; };
		FE7756C62411787F0056E570 /* 5c.png */ = {isa = PBXFileReference; lastKnownFileType = image.png; path = 5c.png; sourceTree = "<group>"; };
		FE7756C72411787F0056E570 /* 14h.png */ = {isa = PBXFileReference; lastKnownFileType = image.png; path = 14h.png; sourceTree = "<group>"; };
		FE7756C82411787F0056E570 /* 4d.png */ = {isa = PBXFileReference; lastKnownFileType = image.png; path = 4d.png; sourceTree = "<group>"; };
		FE7756C92411787F0056E570 /* 7h.png */ = {isa = PBXFileReference; lastKnownFileType = image.png; path = 7h.png; sourceTree = "<group>"; };
		FE7756CA241178800056E570 /* 5h.png */ = {isa = PBXFileReference; lastKnownFileType = image.png; path = 5h.png; sourceTree = "<group>"; };
		FE7756CB241178800056E570 /* 5d.png */ = {isa = PBXFileReference; lastKnownFileType = image.png; path = 5d.png; sourceTree = "<group>"; };
		FE7756CC241178800056E570 /* 11h.png */ = {isa = PBXFileReference; lastKnownFileType = image.png; path = 11h.png; sourceTree = "<group>"; };
		FE7756CD241178800056E570 /* 3h.png */ = {isa = PBXFileReference; lastKnownFileType = image.png; path = 3h.png; sourceTree = "<group>"; };
		FE7756CE241178800056E570 /* 9s.png */ = {isa = PBXFileReference; lastKnownFileType = image.png; path = 9s.png; sourceTree = "<group>"; };
		FE7756CF241178810056E570 /* 6c.png */ = {isa = PBXFileReference; lastKnownFileType = image.png; path = 6c.png; sourceTree = "<group>"; };
		FE7756D0241178810056E570 /* 6s.png */ = {isa = PBXFileReference; lastKnownFileType = image.png; path = 6s.png; sourceTree = "<group>"; };
		FE7756D1241178810056E570 /* 9c.png */ = {isa = PBXFileReference; lastKnownFileType = image.png; path = 9c.png; sourceTree = "<group>"; };
		FE7756D2241178810056E570 /* 7d.png */ = {isa = PBXFileReference; lastKnownFileType = image.png; path = 7d.png; sourceTree = "<group>"; };
		FE7756D3241178820056E570 /* 12d.png */ = {isa = PBXFileReference; lastKnownFileType = image.png; path = 12d.png; sourceTree = "<group>"; };
		FE7756D4241178820056E570 /* 4c.png */ = {isa = PBXFileReference; lastKnownFileType = image.png; path = 4c.png; sourceTree = "<group>"; };
		FE7756D5241178820056E570 /* 2c.png */ = {isa = PBXFileReference; lastKnownFileType = image.png; path = 2c.png; sourceTree = "<group>"; };
		FE7756D6241178820056E570 /* 5s.png */ = {isa = PBXFileReference; lastKnownFileType = image.png; path = 5s.png; sourceTree = "<group>"; };
		FE7756D7241178830056E570 /* 4s.png */ = {isa = PBXFileReference; lastKnownFileType = image.png; path = 4s.png; sourceTree = "<group>"; };
		FE7756D8241178830056E570 /* 13c.png */ = {isa = PBXFileReference; lastKnownFileType = image.png; path = 13c.png; sourceTree = "<group>"; };
		FE7756D9241178830056E570 /* 2h.png */ = {isa = PBXFileReference; lastKnownFileType = image.png; path = 2h.png; sourceTree = "<group>"; };
		FE7756DA241178840056E570 /* 10h.png */ = {isa = PBXFileReference; lastKnownFileType = image.png; path = 10h.png; sourceTree = "<group>"; };
		FE7756DB241178840056E570 /* 8d.png */ = {isa = PBXFileReference; lastKnownFileType = image.png; path = 8d.png; sourceTree = "<group>"; };
		FE7756DC241178840056E570 /* 10s.png */ = {isa = PBXFileReference; lastKnownFileType = image.png; path = 10s.png; sourceTree = "<group>"; };
		FE7756DD241178840056E570 /* 13s.png */ = {isa = PBXFileReference; lastKnownFileType = image.png; path = 13s.png; sourceTree = "<group>"; };
		FE7756DE241178850056E570 /* 14s.png */ = {isa = PBXFileReference; lastKnownFileType = image.png; path = 14s.png; sourceTree = "<group>"; };
		FE7756DF241178850056E570 /* 9h.png */ = {isa = PBXFileReference; lastKnownFileType = image.png; path = 9h.png; sourceTree = "<group>"; };
		FE7756E0241178850056E570 /* 4h.png */ = {isa = PBXFileReference; lastKnownFileType = image.png; path = 4h.png; sourceTree = "<group>"; };
		FE7756E1241178850056E570 /* 12c.png */ = {isa = PBXFileReference; lastKnownFileType = image.png; path = 12c.png; sourceTree = "<group>"; };
		FE7756E2241178860056E570 /* 3d.png */ = {isa = PBXFileReference; lastKnownFileType = image.png; path = 3d.png; sourceTree = "<group>"; };
		FE7756E3241178860056E570 /* 11s.png */ = {isa = PBXFileReference; lastKnownFileType = image.png; path = 11s.png; sourceTree = "<group>"; };
		FE7756E4241178860056E570 /* 10d.png */ = {isa = PBXFileReference; lastKnownFileType = image.png; path = 10d.png; sourceTree = "<group>"; };
		FE7756E5241178870056E570 /* 9d.png */ = {isa = PBXFileReference; lastKnownFileType = image.png; path = 9d.png; sourceTree = "<group>"; };
		FE7756E6241178870056E570 /* 13d.png */ = {isa = PBXFileReference; lastKnownFileType = image.png; path = 13d.png; sourceTree = "<group>"; };
		FE7756E7241178870056E570 /* 14c.png */ = {isa = PBXFileReference; lastKnownFileType = image.png; path = 14c.png; sourceTree = "<group>"; };
		FE7756E8241178870056E570 /* 6h.png */ = {isa = PBXFileReference; lastKnownFileType = image.png; path = 6h.png; sourceTree = "<group>"; };
		FE7756E9241178880056E570 /* 3s.png */ = {isa = PBXFileReference; lastKnownFileType = image.png; path = 3s.png; sourceTree = "<group>"; };
		FE7756EA241178880056E570 /* 7c.png */ = {isa = PBXFileReference; lastKnownFileType = image.png; path = 7c.png; sourceTree = "<group>"; };
		FE7756EB241178880056E570 /* 12h.png */ = {isa = PBXFileReference; lastKnownFileType = image.png; path = 12h.png; sourceTree = "<group>"; };
		FE7756EC241178880056E570 /* 2d.png */ = {isa = PBXFileReference; lastKnownFileType = image.png; path = 2d.png; sourceTree = "<group>"; };
		FE7756ED241178890056E570 /* 13h.png */ = {isa = PBXFileReference; lastKnownFileType = image.png; path = 13h.png; sourceTree = "<group>"; };
		FE7756EE241178890056E570 /* 14d.png */ = {isa = PBXFileReference; lastKnownFileType = image.png; path = 14d.png; sourceTree = "<group>"; };
		FE7756EF241178890056E570 /* 11c.png */ = {isa = PBXFileReference; lastKnownFileType = image.png; path = 11c.png; sourceTree = "<group>"; };
		FE7756F0241178890056E570 /* 8s.png */ = {isa = PBXFileReference; lastKnownFileType = image.png; path = 8s.png; sourceTree = "<group>"; };
		FE7756F1241178890056E570 /* 12s.png */ = {isa = PBXFileReference; lastKnownFileType = image.png; path = 12s.png; sourceTree = "<group>"; };
		FE7756F22411788A0056E570 /* 8c.png */ = {isa = PBXFileReference; lastKnownFileType = image.png; path = 8c.png; sourceTree = "<group>"; };
		FE7756F32411788A0056E570 /* 3c.png */ = {isa = PBXFileReference; lastKnownFileType = image.png; path = 3c.png; sourceTree = "<group>"; };
		FE7756F42411788A0056E570 /* 8h.png */ = {isa = PBXFileReference; lastKnownFileType = image.png; path = 8h.png; sourceTree = "<group>"; };
		FE7756F52411788A0056E570 /* 2s.png */ = {isa = PBXFileReference; lastKnownFileType = image.png; path = 2s.png; sourceTree = "<group>"; };
		FE7756F62411788B0056E570 /* 11d.png */ = {isa = PBXFileReference; lastKnownFileType = image.png; path = 11d.png; sourceTree = "<group>"; };
		FE7756F72411788B0056E570 /* 10c.png */ = {isa = PBXFileReference; lastKnownFileType = image.png; path = 10c.png; sourceTree = "<group>"; };
		FE7756F82411788B0056E570 /* 6d.png */ = {isa = PBXFileReference; lastKnownFileType = image.png; path = 6d.png; sourceTree = "<group>"; };
		FE7756F92411788B0056E570 /* 7s.png */ = {isa = PBXFileReference; lastKnownFileType = image.png; path = 7s.png; sourceTree = "<group>"; };
/* End PBXFileReference section */

/* Begin PBXFrameworksBuildPhase section */
		FE77569124116E810056E570 /* Frameworks */ = {
			isa = PBXFrameworksBuildPhase;
			buildActionMask = 2147483647;
			files = (
			);
			runOnlyForDeploymentPostprocessing = 0;
		};
/* End PBXFrameworksBuildPhase section */

/* Begin PBXGroup section */
		FE77568B24116E810056E570 = {
			isa = PBXGroup;
			children = (
				FE77569624116E810056E570 /* CArdgame */,
				FE77569524116E810056E570 /* Products */,
			);
			sourceTree = "<group>";
		};
		FE77569524116E810056E570 /* Products */ = {
			isa = PBXGroup;
			children = (
				FE77569424116E810056E570 /* CArdgame.app */,
			);
			name = Products;
			sourceTree = "<group>";
		};
		FE77569624116E810056E570 /* CArdgame */ = {
			isa = PBXGroup;
			children = (
				FE7756C1241175F30056E570 /* CardController.h */,
				FE77569724116E810056E570 /* AppDelegate.h */,
				FE77569824116E810056E570 /* AppDelegate.m */,
				FE77569A24116E810056E570 /* SceneDelegate.h */,
				FE77569B24116E810056E570 /* SceneDelegate.m */,
				FE7756C0241175F30056E570 /* CardController.m */,
				FE77569D24116E810056E570 /* ViewController.h */,
				FE77569E24116E810056E570 /* ViewController.m */,
				FE7756C32411775D0056E570 /* cards.h */,
				FE7756C42411775D0056E570 /* cards1.c */,
				FE7756BE241171B40056E570 /* cards.storyboard */,
				FE7756A024116E810056E570 /* Main.storyboard */,
				FE7756A624116E820056E570 /* Assets.xcassets */,
				FE7756D5241178820056E570 /* 2c.png */,
				FE7756EC241178880056E570 /* 2d.png */,
				FE7756D9241178830056E570 /* 2h.png */,
				FE7756F52411788A0056E570 /* 2s.png */,
				FE7756F32411788A0056E570 /* 3c.png */,
				FE7756E2241178860056E570 /* 3d.png */,
				FE7756CD241178800056E570 /* 3h.png */,
				FE7756E9241178880056E570 /* 3s.png */,
				FE7756D4241178820056E570 /* 4c.png */,
				FE7756C82411787F0056E570 /* 4d.png */,
				FE7756E0241178850056E570 /* 4h.png */,
				FE7756D7241178830056E570 /* 4s.png */,
				FE7756C62411787F0056E570 /* 5c.png */,
				FE7756CB241178800056E570 /* 5d.png */,
				FE7756CA241178800056E570 /* 5h.png */,
				FE7756D6241178820056E570 /* 5s.png */,
				FE7756CF241178810056E570 /* 6c.png */,
				FE7756F82411788B0056E570 /* 6d.png */,
				FE7756E8241178870056E570 /* 6h.png */,
				FE7756D0241178810056E570 /* 6s.png */,
				FE7756EA241178880056E570 /* 7c.png */,
				FE7756D2241178810056E570 /* 7d.png */,
				FE7756C92411787F0056E570 /* 7h.png */,
				FE7756F92411788B0056E570 /* 7s.png */,
				FE7756F22411788A0056E570 /* 8c.png */,
				FE7756DB241178840056E570 /* 8d.png */,
				FE7756F42411788A0056E570 /* 8h.png */,
				FE7756F0241178890056E570 /* 8s.png */,
				FE7756D1241178810056E570 /* 9c.png */,
				FE7756E5241178870056E570 /* 9d.png */,
				FE7756DF241178850056E570 /* 9h.png */,
				FE7756CE241178800056E570 /* 9s.png */,
				FE7756F72411788B0056E570 /* 10c.png */,
				FE7756E4241178860056E570 /* 10d.png */,
				FE7756DA241178840056E570 /* 10h.png */,
				FE7756DC241178840056E570 /* 10s.png */,
				FE7756EF241178890056E570 /* 11c.png */,
				FE7756F62411788B0056E570 /* 11d.png */,
				FE7756CC241178800056E570 /* 11h.png */,
				FE7756E3241178860056E570 /* 11s.png */,
				FE7756E1241178850056E570 /* 12c.png */,
				FE7756D3241178820056E570 /* 12d.png */,
				FE7756EB241178880056E570 /* 12h.png */,
				FE7756F1241178890056E570 /* 12s.png */,
				FE7756D8241178830056E570 /* 13c.png */,
				FE7756E6241178870056E570 /* 13d.png */,
				FE7756ED241178890056E570 /* 13h.png */,
				FE7756DD241178840056E570 /* 13s.png */,
				FE7756E7241178870056E570 /* 14c.png */,
				FE7756EE241178890056E570 /* 14d.png */,
				FE7756C72411787F0056E570 /* 14h.png */,
				FE7756DE241178850056E570 /* 14s.png */,
				FE7756A824116E820056E570 /* LaunchScreen.storyboard */,
				FE7756AB24116E820056E570 /* Info.plist */,
				FE7756AC24116E820056E570 /* main.m */,
				FE7756A324116E810056E570 /* CArdgame.xcdatamodeld */,
			);
			path = CArdgame;
			sourceTree = "<group>";
		};
/* End PBXGroup section */

/* Begin PBXNativeTarget section */
		FE77569324116E810056E570 /* CArdgame */ = {
			isa = PBXNativeTarget;
			buildConfigurationList = FE7756B024116E820056E570 /* Build configuration list for PBXNativeTarget "CArdgame" */;
			buildPhases = (
				FE77569024116E810056E570 /* Sources */,
				FE77569124116E810056E570 /* Frameworks */,
				FE77569224116E810056E570 /* Resources */,
			);
			buildRules = (
			);
			dependencies = (
			);
			name = CArdgame;
			productName = CArdgame;
			productReference = FE77569424116E810056E570 /* CArdgame.app */;
			productType = "com.apple.product-type.application";
		};
/* End PBXNativeTarget section */

/* Begin PBXProject section */
		FE77568C24116E810056E570 /* Project object */ = {
			isa = PBXProject;
			attributes = {
				LastUpgradeCheck = 1130;
				ORGANIZATIONNAME = "Cesario, Ethan";
				TargetAttributes = {
					FE77569324116E810056E570 = {
						CreatedOnToolsVersion = 11.3.1;
					};
				};
			};
			buildConfigurationList = FE77568F24116E810056E570 /* Build configuration list for PBXProject "CArdgame" */;
			compatibilityVersion = "Xcode 9.3";
			developmentRegion = en;
			hasScannedForEncodings = 0;
			knownRegions = (
				en,
				Base,
			);
			mainGroup = FE77568B24116E810056E570;
			productRefGroup = FE77569524116E810056E570 /* Products */;
			projectDirPath = "";
			projectRoot = "";
			targets = (
				FE77569324116E810056E570 /* CArdgame */,
			);
		};
/* End PBXProject section */

/* Begin PBXResourcesBuildPhase section */
		FE77569224116E810056E570 /* Resources */ = {
			isa = PBXResourcesBuildPhase;
			buildActionMask = 2147483647;
			files = (
				FE7757252411788C0056E570 /* 12s.png in Resources */,
				FE7757242411788C0056E570 /* 8s.png in Resources */,
				FE7757152411788C0056E570 /* 12c.png in Resources */,
				FE77570C2411788C0056E570 /* 13c.png in Resources */,
				FE7757042411788C0056E570 /* 6s.png in Resources */,
				FE7757022411788C0056E570 /* 9s.png in Resources */,
				FE7757182411788C0056E570 /* 10d.png in Resources */,
				FE7757122411788C0056E570 /* 14s.png in Resources */,
				FE7756FF2411788C0056E570 /* 5d.png in Resources */,
				FE7756FD2411788C0056E570 /* 7h.png in Resources */,
				FE7757282411788C0056E570 /* 8h.png in Resources */,
				FE77572D2411788C0056E570 /* 7s.png in Resources */,
				FE7756FE2411788C0056E570 /* 5h.png in Resources */,
				FE7757232411788C0056E570 /* 11c.png in Resources */,
				FE7757052411788C0056E570 /* 9c.png in Resources */,
				FE77572A2411788C0056E570 /* 11d.png in Resources */,
				FE7757172411788C0056E570 /* 11s.png in Resources */,
				FE77571E2411788C0056E570 /* 7c.png in Resources */,
				FE7757032411788C0056E570 /* 6c.png in Resources */,
				FE77572B2411788C0056E570 /* 10c.png in Resources */,
				FE7757262411788C0056E570 /* 8c.png in Resources */,
				FE7756FA2411788C0056E570 /* 5c.png in Resources */,
				FE7757112411788C0056E570 /* 13s.png in Resources */,
				FE77570B2411788C0056E570 /* 4s.png in Resources */,
				FE77571D2411788C0056E570 /* 3s.png in Resources */,
				FE7756AA24116E820056E570 /* LaunchScreen.storyboard in Resources */,
				FE7757062411788C0056E570 /* 7d.png in Resources */,
				FE7757102411788C0056E570 /* 10s.png in Resources */,
				FE7757092411788C0056E570 /* 2c.png in Resources */,
				FE7757292411788C0056E570 /* 2s.png in Resources */,
				FE7757272411788C0056E570 /* 3c.png in Resources */,
				FE77570F2411788C0056E570 /* 8d.png in Resources */,
				FE7757212411788C0056E570 /* 13h.png in Resources */,
				FE7757142411788C0056E570 /* 4h.png in Resources */,
				FE7757082411788C0056E570 /* 4c.png in Resources */,
				FE7756A724116E820056E570 /* Assets.xcassets in Resources */,
				FE7757162411788C0056E570 /* 3d.png in Resources */,
				FE77571B2411788C0056E570 /* 14c.png in Resources */,
				FE77570E2411788C0056E570 /* 10h.png in Resources */,
				FE77571C2411788C0056E570 /* 6h.png in Resources */,
				FE7757132411788C0056E570 /* 9h.png in Resources */,
				FE77572C2411788C0056E570 /* 6d.png in Resources */,
				FE7757002411788C0056E570 /* 11h.png in Resources */,
				FE7757202411788C0056E570 /* 2d.png in Resources */,
				FE7756FC2411788C0056E570 /* 4d.png in Resources */,
				FE7757012411788C0056E570 /* 3h.png in Resources */,
				FE7756FB2411788C0056E570 /* 14h.png in Resources */,
				FE7757222411788C0056E570 /* 14d.png in Resources */,
				FE7757192411788C0056E570 /* 9d.png in Resources */,
				FE77570D2411788C0056E570 /* 2h.png in Resources */,
				FE77571A2411788C0056E570 /* 13d.png in Resources */,
				FE7757072411788C0056E570 /* 12d.png in Resources */,
				FE7756BF241171B40056E570 /* cards.storyboard in Resources */,
				FE77571F2411788C0056E570 /* 12h.png in Resources */,
				FE7756A224116E810056E570 /* Main.storyboard in Resources */,
				FE77570A2411788C0056E570 /* 5s.png in Resources */,
			);
			runOnlyForDeploymentPostprocessing = 0;
		};
/* End PBXResourcesBuildPhase section */

/* Begin PBXSourcesBuildPhase section */
		FE77569024116E810056E570 /* Sources */ = {
			isa = PBXSourcesBuildPhase;
			buildActionMask = 2147483647;
			files = (
				FE7756AD24116E820056E570 /* main.m in Sources */,
				FE7756C52411775D0056E570 /* cards1.c in Sources */,
				FE7756C2241175F30056E570 /* CardController.m in Sources */,
				FE77569F24116E810056E570 /* ViewController.m in Sources */,
				FE7756A524116E810056E570 /* CArdgame.xcdatamodeld in Sources */,
				FE77569924116E810056E570 /* AppDelegate.m in Sources */,
				FE77569C24116E810056E570 /* SceneDelegate.m in Sources */,
			);
			runOnlyForDeploymentPostprocessing = 0;
		};
/* End PBXSourcesBuildPhase section */

/* Begin PBXVariantGroup section */
		FE7756A024116E810056E570 /* Main.storyboard */ = {
			isa = PBXVariantGroup;
			children = (
				FE7756A124116E810056E570 /* Base */,
			);
			name = Main.storyboard;
			sourceTree = "<group>";
		};
		FE7756A824116E820056E570 /* LaunchScreen.storyboard */ = {
			isa = PBXVariantGroup;
			children = (
				FE7756A924116E820056E570 /* Base */,
			);
			name = LaunchScreen.storyboard;
			sourceTree = "<group>";
		};
/* End PBXVariantGroup section */

/* Begin XCBuildConfiguration section */
		FE7756AE24116E820056E570 /* Debug */ = {
			isa = XCBuildConfiguration;
			buildSettings = {
				ALWAYS_SEARCH_USER_PATHS = NO;
				CLANG_ANALYZER_NONNULL = YES;
				CLANG_ANALYZER_NUMBER_OBJECT_CONVERSION = YES_AGGRESSIVE;
				CLANG_CXX_LANGUAGE_STANDARD = "gnu++14";
				CLANG_CXX_LIBRARY = "libc++";
				CLANG_ENABLE_MODULES = YES;
				CLANG_ENABLE_OBJC_ARC = YES;
				CLANG_ENABLE_OBJC_WEAK = YES;
				CLANG_WARN_BLOCK_CAPTURE_AUTORELEASING = YES;
				CLANG_WARN_BOOL_CONVERSION = YES;
				CLANG_WARN_COMMA = YES;
				CLANG_WARN_CONSTANT_CONVERSION = YES;
				CLANG_WARN_DEPRECATED_OBJC_IMPLEMENTATIONS = YES;
				CLANG_WARN_DIRECT_OBJC_ISA_USAGE = YES_ERROR;
				CLANG_WARN_DOCUMENTATION_COMMENTS = YES;
				CLANG_WARN_EMPTY_BODY = YES;
				CLANG_WARN_ENUM_CONVERSION = YES;
				CLANG_WARN_INFINITE_RECURSION = YES;
				CLANG_WARN_INT_CONVERSION = YES;
				CLANG_WARN_NON_LITERAL_NULL_CONVERSION = YES;
				CLANG_WARN_OBJC_IMPLICIT_RETAIN_SELF = YES;
				CLANG_WARN_OBJC_LITERAL_CONVERSION = YES;
				CLANG_WARN_OBJC_ROOT_CLASS = YES_ERROR;
				CLANG_WARN_RANGE_LOOP_ANALYSIS = YES;
				CLANG_WARN_STRICT_PROTOTYPES = YES;
				CLANG_WARN_SUSPICIOUS_MOVE = YES;
				CLANG_WARN_UNGUARDED_AVAILABILITY = YES_AGGRESSIVE;
				CLANG_WARN_UNREACHABLE_CODE = YES;
				CLANG_WARN__DUPLICATE_METHOD_MATCH = YES;
				COPY_PHASE_STRIP = NO;
				DEBUG_INFORMATION_FORMAT = dwarf;
				ENABLE_STRICT_OBJC_MSGSEND = YES;
				ENABLE_TESTABILITY = YES;
				GCC_C_LANGUAGE_STANDARD = gnu11;
				GCC_DYNAMIC_NO_PIC = NO;
				GCC_NO_COMMON_BLOCKS = YES;
				GCC_OPTIMIZATION_LEVEL = 0;
				GCC_PREPROCESSOR_DEFINITIONS = (
					"DEBUG=1",
					"$(inherited)",
				);
				GCC_WARN_64_TO_32_BIT_CONVERSION = YES;
				GCC_WARN_ABOUT_RETURN_TYPE = YES_ERROR;
				GCC_WARN_UNDECLARED_SELECTOR = YES;
				GCC_WARN_UNINITIALIZED_AUTOS = YES_AGGRESSIVE;
				GCC_WARN_UNUSED_FUNCTION = YES;
				GCC_WARN_UNUSED_VARIABLE = YES;
				IPHONEOS_DEPLOYMENT_TARGET = 13.2;
				MTL_ENABLE_DEBUG_INFO = INCLUDE_SOURCE;
				MTL_FAST_MATH = YES;
				ONLY_ACTIVE_ARCH = YES;
				SDKROOT = iphoneos;
			};
			name = Debug;
		};
		FE7756AF24116E820056E570 /* Release */ = {
			isa = XCBuildConfiguration;
			buildSettings = {
				ALWAYS_SEARCH_USER_PATHS = NO;
				CLANG_ANALYZER_NONNULL = YES;
				CLANG_ANALYZER_NUMBER_OBJECT_CONVERSION = YES_AGGRESSIVE;
				CLANG_CXX_LANGUAGE_STANDARD = "gnu++14";
				CLANG_CXX_LIBRARY = "libc++";
				CLANG_ENABLE_MODULES = YES;
				CLANG_ENABLE_OBJC_ARC = YES;
				CLANG_ENABLE_OBJC_WEAK = YES;
				CLANG_WARN_BLOCK_CAPTURE_AUTORELEASING = YES;
				CLANG_WARN_BOOL_CONVERSION = YES;
				CLANG_WARN_COMMA = YES;
				CLANG_WARN_CONSTANT_CONVERSION = YES;
				CLANG_WARN_DEPRECATED_OBJC_IMPLEMENTATIONS = YES;
				CLANG_WARN_DIRECT_OBJC_ISA_USAGE = YES_ERROR;
				CLANG_WARN_DOCUMENTATION_COMMENTS = YES;
				CLANG_WARN_EMPTY_BODY = YES;
				CLANG_WARN_ENUM_CONVERSION = YES;
				CLANG_WARN_INFINITE_RECURSION = YES;
				CLANG_WARN_INT_CONVERSION = YES;
				CLANG_WARN_NON_LITERAL_NULL_CONVERSION = YES;
				CLANG_WARN_OBJC_IMPLICIT_RETAIN_SELF = YES;
				CLANG_WARN_OBJC_LITERAL_CONVERSION = YES;
				CLANG_WARN_OBJC_ROOT_CLASS = YES_ERROR;
				CLANG_WARN_RANGE_LOOP_ANALYSIS = YES;
				CLANG_WARN_STRICT_PROTOTYPES = YES;
				CLANG_WARN_SUSPICIOUS_MOVE = YES;
				CLANG_WARN_UNGUARDED_AVAILABILITY = YES_AGGRESSIVE;
				CLANG_WARN_UNREACHABLE_CODE = YES;
				CLANG_WARN__DUPLICATE_METHOD_MATCH = YES;
				COPY_PHASE_STRIP = NO;
				DEBUG_INFORMATION_FORMAT = "dwarf-with-dsym";
				ENABLE_NS_ASSERTIONS = NO;
				ENABLE_STRICT_OBJC_MSGSEND = YES;
				GCC_C_LANGUAGE_STANDARD = gnu11;
				GCC_NO_COMMON_BLOCKS = YES;
				GCC_WARN_64_TO_32_BIT_CONVERSION = YES;
				GCC_WARN_ABOUT_RETURN_TYPE = YES_ERROR;
				GCC_WARN_UNDECLARED_SELECTOR = YES;
				GCC_WARN_UNINITIALIZED_AUTOS = YES_AGGRESSIVE;
				GCC_WARN_UNUSED_FUNCTION = YES;
				GCC_WARN_UNUSED_VARIABLE = YES;
				IPHONEOS_DEPLOYMENT_TARGET = 13.2;
				MTL_ENABLE_DEBUG_INFO = NO;
				MTL_FAST_MATH = YES;
				SDKROOT = iphoneos;
				VALIDATE_PRODUCT = YES;
			};
			name = Release;
		};
		FE7756B124116E820056E570 /* Debug */ = {
			isa = XCBuildConfiguration;
			buildSettings = {
				ASSETCATALOG_COMPILER_APPICON_NAME = AppIcon;
				CODE_SIGN_STYLE = Automatic;
				INFOPLIST_FILE = CArdgame/Info.plist;
				LD_RUNPATH_SEARCH_PATHS = (
					"$(inherited)",
					"@executable_path/Frameworks",
				);
				PRODUCT_BUNDLE_IDENTIFIER = EC.CArdgame;
				PRODUCT_NAME = "$(TARGET_NAME)";
				TARGETED_DEVICE_FAMILY = "1,2";
			};
			name = Debug;
		};
		FE7756B224116E820056E570 /* Release */ = {
			isa = XCBuildConfiguration;
			buildSettings = {
				ASSETCATALOG_COMPILER_APPICON_NAME = AppIcon;
				CODE_SIGN_STYLE = Automatic;
				INFOPLIST_FILE = CArdgame/Info.plist;
				LD_RUNPATH_SEARCH_PATHS = (
					"$(inherited)",
					"@executable_path/Frameworks",
				);
				PRODUCT_BUNDLE_IDENTIFIER = EC.CArdgame;
				PRODUCT_NAME = "$(TARGET_NAME)";
				TARGETED_DEVICE_FAMILY = "1,2";
			};
			name = Release;
		};
/* End XCBuildConfiguration section */

/* Begin XCConfigurationList section */
		FE77568F24116E810056E570 /* Build configuration list for PBXProject "CArdgame" */ = {
			isa = XCConfigurationList;
			buildConfigurations = (
				FE7756AE24116E820056E570 /* Debug */,
				FE7756AF24116E820056E570 /* Release */,
			);
			defaultConfigurationIsVisible = 0;
			defaultConfigurationName = Release;
		};
		FE7756B024116E820056E570 /* Build configuration list for PBXNativeTarget "CArdgame" */ = {
			isa = XCConfigurationList;
			buildConfigurations = (
				FE7756B124116E820056E570 /* Debug */,
				FE7756B224116E820056E570 /* Release */,
			);
			defaultConfigurationIsVisible = 0;
			defaultConfigurationName = Release;
		};
/* End XCConfigurationList section */

/* Begin XCVersionGroup section */
		FE7756A324116E810056E570 /* CArdgame.xcdatamodeld */ = {
			isa = XCVersionGroup;
			children = (
				FE7756A424116E810056E570 /* CArdgame.xcdatamodel */,
			);
			currentVersion = FE7756A424116E810056E570 /* CArdgame.xcdatamodel */;
			path = CArdgame.xcdatamodeld;
			sourceTree = "<group>";
			versionGroupType = wrapper.xcdatamodel;
		};
/* End XCVersionGroup section */
	};
	rootObject = FE77568C24116E810056E570 /* Project object */;
}
